# THIS IS AN AUTOGENERATED FILE. DO NOT EDIT THIS FILE DIRECTLY.
# yarn lockfile v1


"@emnapi/core@^1.4.0":
  version "1.4.1"
  resolved "https://registry.yarnpkg.com/@emnapi/core/-/core-1.4.1.tgz#1841d87508c70d9f3008da52a4a50579e03e5728"
  integrity sha512-4JFstCTaToCFrPqrGzgkF8N2NHjtsaY4uRh6brZQ5L9e4wbMieX8oDT8N7qfVFTQecHFEtkj4ve49VIZ3mKVqw==
  dependencies:
    "@emnapi/wasi-threads" "1.0.1"
    tslib "^2.4.0"

"@emnapi/runtime@^1.4.0":
  version "1.4.1"
  resolved "https://registry.yarnpkg.com/@emnapi/runtime/-/runtime-1.4.1.tgz#79e54e3cc7f1955b3080f6e1e0e111e06114e114"
  integrity sha512-LMshMVP0ZhACNjQNYXiU1iZJ6QCcv0lUdPDPugqGvCGXt5xtRVBPdtA0qU12pEXZzpWAhWlZYptfdAFq10DOVQ==
  dependencies:
    tslib "^2.4.0"

"@emnapi/wasi-threads@1.0.1":
  version "1.0.1"
  resolved "https://registry.yarnpkg.com/@emnapi/wasi-threads/-/wasi-threads-1.0.1.tgz#d7ae71fd2166b1c916c6cd2d0df2ef565a2e1a5b"
  integrity sha512-iIBu7mwkq4UQGeMEM8bLwNK962nXdhodeScX4slfQnRhEMMzvYivHhutCIk8uojvmASXXPC2WNEjwxFWk72Oqw==
  dependencies:
    tslib "^2.4.0"

"@napi-rs/wasm-runtime@^0.2.8":
  version "0.2.8"
  resolved "https://registry.yarnpkg.com/@napi-rs/wasm-runtime/-/wasm-runtime-0.2.8.tgz#642e8390ee78ed21d6b79c467aa610e249224ed6"
  integrity sha512-OBlgKdX7gin7OIq4fadsjpg+cp2ZphvAIKucHsNfTdJiqdOmOEwQd/bHi0VwNrcw5xpBJyUw6cK/QilCqy1BSg==
  dependencies:
    "@emnapi/core" "^1.4.0"
    "@emnapi/runtime" "^1.4.0"
    "@tybys/wasm-util" "^0.9.0"

"@tybys/wasm-util@^0.9.0":
  version "0.9.0"
  resolved "https://registry.yarnpkg.com/@tybys/wasm-util/-/wasm-util-0.9.0.tgz#3e75eb00604c8d6db470bf18c37b7d984a0e3355"
  integrity sha512-6+7nlbMVX/PVDCwaIQ8nTOPveOcFLSt8GcXdx8hD0bt39uWxYT88uXzqTd4fTvqta7oeUJqudepapKNt2DYJFw==
  dependencies:
    tslib "^2.4.0"

"@unrs/resolver-binding-darwin-arm64@1.5.0":
  version "1.5.0"
  resolved "https://registry.yarnpkg.com/@unrs/resolver-binding-darwin-arm64/-/resolver-binding-darwin-arm64-1.5.0.tgz#0c64ebe422a3d05ada91d8ba84e037383742c955"
  integrity sha512-YmocNlEcX/AgJv8gI41bhjMOTcKcea4D2nRIbZj+MhRtSH5+vEU8r/pFuTuoF+JjVplLsBueU+CILfBPVISyGQ==

"@unrs/resolver-binding-darwin-x64@1.5.0":
  version "1.5.0"
  resolved "https://registry.yarnpkg.com/@unrs/resolver-binding-darwin-x64/-/resolver-binding-darwin-x64-1.5.0.tgz#57210874eca22ec3a07039c97c028fb19c0c6d57"
  integrity sha512-qpUrXgH4e/0xu1LOhPEdfgSY3vIXOxDQv370NEL8npN8h40HcQDA+Pl2r4HBW6tTXezWIjxUFcP7tj529RZtDw==

"@unrs/resolver-binding-freebsd-x64@1.5.0":
  version "1.5.0"
  resolved "https://registry.yarnpkg.com/@unrs/resolver-binding-freebsd-x64/-/resolver-binding-freebsd-x64-1.5.0.tgz#4519371d0ad8e557a86623d8497e3abcdcb5ae43"
  integrity sha512-3tX8r8vgjvZzaJZB4jvxUaaFCDCb3aWDCpZN3EjhGnnwhztslI05KSG5NY/jNjlcZ5QWZ7dEZZ/rNBFsmTaSPw==

"@unrs/resolver-binding-linux-arm-gnueabihf@1.5.0":
  version "1.5.0"
  resolved "https://registry.yarnpkg.com/@unrs/resolver-binding-linux-arm-gnueabihf/-/resolver-binding-linux-arm-gnueabihf-1.5.0.tgz#4fc05aec9e65a6478003a0b9034a06ac0da886ab"
  integrity sha512-FH+ixzBKaUU9fWOj3TYO+Yn/eO6kYvMLV9eNJlJlkU7OgrxkCmiMS6wUbyT0KA3FOZGxnEQ2z3/BHgYm2jqeLA==

"@unrs/resolver-binding-linux-arm-musleabihf@1.5.0":
  version "1.5.0"
  resolved "https://registry.yarnpkg.com/@unrs/resolver-binding-linux-arm-musleabihf/-/resolver-binding-linux-arm-musleabihf-1.5.0.tgz#c24b35dd5818fcd25569425b1dc1a98a883e248b"
  integrity sha512-pxCgXMgwB/4PfqFQg73lMhmWwcC0j5L+dNXhZoz/0ek0iS/oAWl65fxZeT/OnU7fVs52MgdP2q02EipqJJXHSg==

"@unrs/resolver-binding-linux-arm64-gnu@1.5.0":
  version "1.5.0"
  resolved "https://registry.yarnpkg.com/@unrs/resolver-binding-linux-arm64-gnu/-/resolver-binding-linux-arm64-gnu-1.5.0.tgz#07dc8478a0a356d343790208dc557d6d053689af"
  integrity sha512-FX2FV7vpLE/+Z0NZX9/1pwWud5Wocm/2PgpUXbT5aSV3QEB10kBPJAzssOQylvdj8mOHoKl5pVkXpbCwww/T2g==

"@unrs/resolver-binding-linux-arm64-musl@1.5.0":
  version "1.5.0"
  resolved "https://registry.yarnpkg.com/@unrs/resolver-binding-linux-arm64-musl/-/resolver-binding-linux-arm64-musl-1.5.0.tgz#169e531731f7e462dffa410034a1d06a7a921aa8"
  integrity sha512-+gF97xst1BZb28T3nwwzEtq2ewCoMDGKsenYsZuvpmNrW0019G1iUAunZN+FG55L21y+uP7zsGX06OXDQ/viKw==

"@unrs/resolver-binding-linux-ppc64-gnu@1.5.0":
  version "1.5.0"
  resolved "https://registry.yarnpkg.com/@unrs/resolver-binding-linux-ppc64-gnu/-/resolver-binding-linux-ppc64-gnu-1.5.0.tgz#f6ad2ff47d74c8158b28a18536a71a8ecf84a17f"
  integrity sha512-5bEmVcQw9js8JYM2LkUBw5SeELSIxX+qKf9bFrfFINKAp4noZ//hUxLpbF7u/3gTBN1GsER6xOzIZlw/VTdXtA==

"@unrs/resolver-binding-linux-riscv64-gnu@1.5.0":
  version "1.5.0"
  resolved "https://registry.yarnpkg.com/@unrs/resolver-binding-linux-riscv64-gnu/-/resolver-binding-linux-riscv64-gnu-1.5.0.tgz#2f3986cb44f285f90d27e87cee8b4059de3ffbdd"
  integrity sha512-GGk/8TPUsf1Q99F+lzMdjE6sGL26uJCwQ9TlvBs8zR3cLQNw/MIumPN7zrs3GFGySjnwXc8gA6J3HKbejywmqA==

"@unrs/resolver-binding-linux-s390x-gnu@1.5.0":
  version "1.5.0"
  resolved "https://registry.yarnpkg.com/@unrs/resolver-binding-linux-s390x-gnu/-/resolver-binding-linux-s390x-gnu-1.5.0.tgz#813ea07833012bc34ecc59f023e422b421138761"
  integrity sha512-5uRkFYYVNAeVaA4W/CwugjFN3iDOHCPqsBLCCOoJiMfFMMz4evBRsg+498OFa9w6VcTn2bD5aI+RRayaIgk2Sw==

"@unrs/resolver-binding-linux-x64-gnu@1.5.0":
  version "1.5.0"
  resolved "https://registry.yarnpkg.com/@unrs/resolver-binding-linux-x64-gnu/-/resolver-binding-linux-x64-gnu-1.5.0.tgz#18b0d7553268fa490db92be578ac4b0fd8cae049"
  integrity sha512-j905CZH3nehYy6NimNqC2B14pxn4Ltd7guKMyPTzKehbFXTUgihQS/ZfHQTdojkMzbSwBOSgq1dOrY+IpgxDsA==

"@unrs/resolver-binding-linux-x64-musl@1.5.0":
  version "1.5.0"
  resolved "https://registry.yarnpkg.com/@unrs/resolver-binding-linux-x64-musl/-/resolver-binding-linux-x64-musl-1.5.0.tgz#04541e98d16e358c695393251e365bc3d802dfa4"
  integrity sha512-dmLevQTuzQRwu5A+mvj54R5aye5I4PVKiWqGxg8tTaYP2k2oTs/3Mo8mgnhPk28VoYCi0fdFYpgzCd4AJndQvQ==

"@unrs/resolver-binding-wasm32-wasi@1.5.0":
  version "1.5.0"
  resolved "https://registry.yarnpkg.com/@unrs/resolver-binding-wasm32-wasi/-/resolver-binding-wasm32-wasi-1.5.0.tgz#7a2ae7467c4c52d53c20ad7fc2bace1b23de8168"
  integrity sha512-LtJMhwu7avhoi+kKfAZOKN773RtzLBVVF90YJbB0wyMpUj9yQPeA+mteVUI9P70OG/opH47FeV5AWeaNWWgqJg==
  dependencies:
    "@napi-rs/wasm-runtime" "^0.2.8"

"@unrs/resolver-binding-win32-arm64-msvc@1.5.0":
  version "1.5.0"
  resolved "https://registry.yarnpkg.com/@unrs/resolver-binding-win32-arm64-msvc/-/resolver-binding-win32-arm64-msvc-1.5.0.tgz#11deb282b8ce73fab26f1d04df0fa4d6363752c2"
  integrity sha512-FTZBxLL4SO1mgIM86KykzJmPeTPisBDHQV6xtfDXbTMrentuZ6SdQKJUV5BWaoUK3p8kIULlrCcucqdCnk8Npg==

"@unrs/resolver-binding-win32-ia32-msvc@1.5.0":
  version "1.5.0"
  resolved "https://registry.yarnpkg.com/@unrs/resolver-binding-win32-ia32-msvc/-/resolver-binding-win32-ia32-msvc-1.5.0.tgz#2a5d414912379425bd395ea15901a5dd5febc7c1"
  integrity sha512-i5bB7vJ1waUsFciU/FKLd4Zw0VnAkvhiJ4//jYQXyDUuiLKodmtQZVTcOPU7pp97RrNgCFtXfC1gnvj/DHPJTw==

"@unrs/resolver-binding-win32-x64-msvc@1.5.0":
  version "1.5.0"
  resolved "https://registry.yarnpkg.com/@unrs/resolver-binding-win32-x64-msvc/-/resolver-binding-win32-x64-msvc-1.5.0.tgz#5768c6bba4a27833a48a8a77e50eb01b520d0962"
  integrity sha512-wAvXp4k7jhioi4SebXW/yfzzYwsUCr9kIX4gCsUFKpCTUf8Mi7vScJXI3S+kupSUf0LbVHudR8qBbe2wFMSNUw==

tslib@^2.4.0:
  version "2.8.1"
  resolved "https://registry.yarnpkg.com/tslib/-/tslib-2.8.1.tgz#612efe4ed235d567e8aba5f2a5fab70280ade83f"
  integrity sha512-oJFu94HQb+KVduSUQL7wnpmqnfmLsOA/nAh6b6EH0wCEoK0/mPeXU6c3wKDV83MkOuHPRHtSXKKU99IBazS/2w==

unrs-resolver@latest:
  version "1.5.0"
  resolved "https://registry.yarnpkg.com/unrs-resolver/-/unrs-resolver-1.5.0.tgz#d0a608f08321d8e90ba8eb10a3240e7995997275"
  integrity sha512-6aia3Oy7SEe0MuUGQm2nsyob0L2+g57w178K5SE/3pvSGAIp28BB2O921fKx424Ahc/gQ6v0DXFbhcpyhGZdOA==
  optionalDependencies:
    "@unrs/resolver-binding-darwin-arm64" "1.5.0"
    "@unrs/resolver-binding-darwin-x64" "1.5.0"
    "@unrs/resolver-binding-freebsd-x64" "1.5.0"
    "@unrs/resolver-binding-linux-arm-gnueabihf" "1.5.0"
    "@unrs/resolver-binding-linux-arm-musleabihf" "1.5.0"
    "@unrs/resolver-binding-linux-arm64-gnu" "1.5.0"
    "@unrs/resolver-binding-linux-arm64-musl" "1.5.0"
    "@unrs/resolver-binding-linux-ppc64-gnu" "1.5.0"
    "@unrs/resolver-binding-linux-riscv64-gnu" "1.5.0"
    "@unrs/resolver-binding-linux-s390x-gnu" "1.5.0"
    "@unrs/resolver-binding-linux-x64-gnu" "1.5.0"
    "@unrs/resolver-binding-linux-x64-musl" "1.5.0"
    "@unrs/resolver-binding-wasm32-wasi" "1.5.0"
    "@unrs/resolver-binding-win32-arm64-msvc" "1.5.0"
    "@unrs/resolver-binding-win32-ia32-msvc" "1.5.0"
    "@unrs/resolver-binding-win32-x64-msvc" "1.5.0"
